
Microsoft Visual Studio Solution File, Format Version 12.00
# Visual Studio Version 16
VisualStudioVersion = 16.0.33027.164
MinimumVisualStudioVersion = 10.0.40219.1
Project("{FAE04EC0-301F-11D3-BF4B-00C04F79EFBC}") = "LambdaAction", "LambdaAction\LambdaAction.csproj", "{438BC3E9-267D-4E91-B319-A096D7B0E4F8}"
EndProject
Global
	GlobalSection(SolutionConfigurationPlatforms) = preSolution
		Debug|Any CPU = Debug|Any CPU
		Release|Any CPU = Release|Any CPU
	EndGlobalSection
	GlobalSection(ProjectConfigurationPlatforms) = postSolution
		{438BC3E9-267D-4E91-B319-A096D7B0E4F8}.Debug|Any CPU.ActiveCfg = Debug|Any CPU
		{438BC3E9-267D-4E91-B319-A096D7B0E4F8}.Debug|Any CPU.Build.0 = Debug|Any CPU
		{438BC3E9-267D-4E91-B319-A096D7B0E4F8}.Release|Any CPU.ActiveCfg = Release|Any CPU
		{438BC3E9-267D-4E91-B319-A096D7B0E4F8}.Release|Any CPU.Build.0 = Release|Any CPU
	EndGlobalSection
	GlobalSection(SolutionProperties) = preSolution
		HideSolutionNode = FALSE
	EndGlobalSection
	GlobalSection(ExtensibilityGlobals) = postSolution
		SolutionGuid = {A10982A2-30A2-422F-8715-35D729738C6A}
	EndGlobalSection
EndGlobal
